
Microsoft Visual Studio Solution File, Format Version 12.00
# Visual Studio Version 16
VisualStudioVersion = 16.0.30804.86
MinimumVisualStudioVersion = 10.0.40219.1
Project("{FAE04EC0-301F-11D3-BF4B-00C04F79EFBC}") = "CreateDynamicControls", "CreateDynamicControls\CreateDynamicControls.csproj", "{B09FA7C0-E3C2-4DDD-A7CC-8D7046A1041A}"
EndProject
Project("{2150E333-8FDC-42A3-9474-1A3956D46DE8}") = "Solution Items", "Solution Items", "{ADAFC974-47BC-402C-ADCF-CBE2E275FEF8}"
	ProjectSection(SolutionItems) = preProject
		readme.md = readme.md
	EndProjectSection
EndProject
Project("{9A19103F-16F7-4668-BE54-9A1E7A4F7556}") = "RadioButtonBinding", "RadioButtonBinding\RadioButtonBinding.csproj", "{0D890FAB-46E6-44F7-953D-2F1EE71240EA}"
EndProject
Project("{FAE04EC0-301F-11D3-BF4B-00C04F79EFBC}") = "GroupbyDataTable", "GroupbyDataTable\GroupbyDataTable.csproj", "{E3E62E1B-9238-4D5C-B6DB-F65A801F6634}"
EndProject
Project("{FAE04EC0-301F-11D3-BF4B-00C04F79EFBC}") = "PassingDataBetweenForms", "PassingDataBetweenForms\PassingDataBetweenForms.csproj", "{966FA546-F8FE-4954-B4DE-BABE5FEFF591}"
EndProject
Project("{2150E333-8FDC-42A3-9474-1A3956D46DE8}") = ".NET Classic", ".NET Classic", "{07EEA43B-E7E7-45AC-B312-B41BB1F8922A}"
EndProject
Project("{2150E333-8FDC-42A3-9474-1A3956D46DE8}") = ".NET Core", ".NET Core", "{A033CF08-D34E-4F7D-8523-4E31BDEB614E}"
EndProject
Global
	GlobalSection(SolutionConfigurationPlatforms) = preSolution
		Debug|Any CPU = Debug|Any CPU
		Release|Any CPU = Release|Any CPU
	EndGlobalSection
	GlobalSection(ProjectConfigurationPlatforms) = postSolution
		{B09FA7C0-E3C2-4DDD-A7CC-8D7046A1041A}.Debug|Any CPU.ActiveCfg = Debug|Any CPU
		{B09FA7C0-E3C2-4DDD-A7CC-8D7046A1041A}.Debug|Any CPU.Build.0 = Debug|Any CPU
		{B09FA7C0-E3C2-4DDD-A7CC-8D7046A1041A}.Release|Any CPU.ActiveCfg = Release|Any CPU
		{B09FA7C0-E3C2-4DDD-A7CC-8D7046A1041A}.Release|Any CPU.Build.0 = Release|Any CPU
		{0D890FAB-46E6-44F7-953D-2F1EE71240EA}.Debug|Any CPU.ActiveCfg = Debug|Any CPU
		{0D890FAB-46E6-44F7-953D-2F1EE71240EA}.Debug|Any CPU.Build.0 = Debug|Any CPU
		{0D890FAB-46E6-44F7-953D-2F1EE71240EA}.Release|Any CPU.ActiveCfg = Release|Any CPU
		{0D890FAB-46E6-44F7-953D-2F1EE71240EA}.Release|Any CPU.Build.0 = Release|Any CPU
		{E3E62E1B-9238-4D5C-B6DB-F65A801F6634}.Debug|Any CPU.ActiveCfg = Debug|Any CPU
		{E3E62E1B-9238-4D5C-B6DB-F65A801F6634}.Debug|Any CPU.Build.0 = Debug|Any CPU
		{E3E62E1B-9238-4D5C-B6DB-F65A801F6634}.Release|Any CPU.ActiveCfg = Release|Any CPU
		{E3E62E1B-9238-4D5C-B6DB-F65A801F6634}.Release|Any CPU.Build.0 = Release|Any CPU
		{966FA546-F8FE-4954-B4DE-BABE5FEFF591}.Debug|Any CPU.ActiveCfg = Debug|Any CPU
		{966FA546-F8FE-4954-B4DE-BABE5FEFF591}.Debug|Any CPU.Build.0 = Debug|Any CPU
		{966FA546-F8FE-4954-B4DE-BABE5FEFF591}.Release|Any CPU.ActiveCfg = Release|Any CPU
		{966FA546-F8FE-4954-B4DE-BABE5FEFF591}.Release|Any CPU.Build.0 = Release|Any CPU
	EndGlobalSection
	GlobalSection(SolutionProperties) = preSolution
		HideSolutionNode = FALSE
	EndGlobalSection
	GlobalSection(NestedProjects) = preSolution
		{B09FA7C0-E3C2-4DDD-A7CC-8D7046A1041A} = {07EEA43B-E7E7-45AC-B312-B41BB1F8922A}
		{0D890FAB-46E6-44F7-953D-2F1EE71240EA} = {A033CF08-D34E-4F7D-8523-4E31BDEB614E}
		{E3E62E1B-9238-4D5C-B6DB-F65A801F6634} = {07EEA43B-E7E7-45AC-B312-B41BB1F8922A}
		{966FA546-F8FE-4954-B4DE-BABE5FEFF591} = {07EEA43B-E7E7-45AC-B312-B41BB1F8922A}
	EndGlobalSection
	GlobalSection(ExtensibilityGlobals) = postSolution
		SolutionGuid = {58AC3B13-B420-4F3C-8723-CE1E6C224D46}
	EndGlobalSection
EndGlobal
