
Microsoft Visual Studio Solution File, Format Version 12.00
# Visual Studio Version 16
VisualStudioVersion = 16.0.30804.86
MinimumVisualStudioVersion = 10.0.40219.1
Project("{FAE04EC0-301F-11D3-BF4B-00C04F79EFBC}") = "CreateDynamicControls", "CreateDynamicControls\CreateDynamicControls.csproj", "{B09FA7C0-E3C2-4DDD-A7CC-8D7046A1041A}"
EndProject
Project("{2150E333-8FDC-42A3-9474-1A3956D46DE8}") = "Solution Items", "Solution Items", "{ADAFC974-47BC-402C-ADCF-CBE2E275FEF8}"
	ProjectSection(SolutionItems) = preProject
		CheckSqlConnection.ps1 = CheckSqlConnection.ps1
		readme.md = readme.md
	EndProjectSection
EndProject
Project("{FAE04EC0-301F-11D3-BF4B-00C04F79EFBC}") = "GroupbyDataTable", "GroupbyDataTable\GroupbyDataTable.csproj", "{E3E62E1B-9238-4D5C-B6DB-F65A801F6634}"
EndProject
Project("{FAE04EC0-301F-11D3-BF4B-00C04F79EFBC}") = "PassingDataBetweenForms", "PassingDataBetweenForms\PassingDataBetweenForms.csproj", "{966FA546-F8FE-4954-B4DE-BABE5FEFF591}"
EndProject
Project("{2150E333-8FDC-42A3-9474-1A3956D46DE8}") = ".NET Classic", ".NET Classic", "{07EEA43B-E7E7-45AC-B312-B41BB1F8922A}"
EndProject
Project("{2150E333-8FDC-42A3-9474-1A3956D46DE8}") = ".NET Core", ".NET Core", "{A033CF08-D34E-4F7D-8523-4E31BDEB614E}"
EndProject
Project("{2150E333-8FDC-42A3-9474-1A3956D46DE8}") = "Visual Basic", "Visual Basic", "{5D21CFBF-44AA-4562-B731-2D1369E8F39B}"
EndProject
Project("{F184B08F-C81C-45F6-A57F-5ABD9991F28F}") = "WinFormLibrary", "WinFormLibrary\WinFormLibrary.vbproj", "{AE5F0C94-5D5F-4E96-B5B2-BA98D33BEFD7}"
EndProject
Project("{9A19103F-16F7-4668-BE54-9A1E7A4F7556}") = "TimeLibrary", "TimeLibrary\TimeLibrary.csproj", "{2437DDCE-75F0-410C-AD4F-A228CCD05B72}"
EndProject
Project("{2150E333-8FDC-42A3-9474-1A3956D46DE8}") = "Class projects", "Class projects", "{9761F0CA-5FE0-490A-825A-E5B148555DE4}"
EndProject
Project("{2150E333-8FDC-42A3-9474-1A3956D46DE8}") = "Console projects", "Console projects", "{DE16B1C7-FA6D-417E-B3A3-C9B8AC284A41}"
EndProject
Project("{9A19103F-16F7-4668-BE54-9A1E7A4F7556}") = "TimeLibraryConsoleApp", "TimeLibraryConsoleApp\TimeLibraryConsoleApp.csproj", "{D9F08F9E-AA25-4937-8717-819CB98063E8}"
EndProject
Project("{FAE04EC0-301F-11D3-BF4B-00C04F79EFBC}") = "DataGridViewCellFormatting1", "DataGridViewCellFormatting1\DataGridViewCellFormatting1.csproj", "{E1DDF130-640F-424E-AB13-010F255F8361}"
EndProject
Project("{FAE04EC0-301F-11D3-BF4B-00C04F79EFBC}") = "ListBoxFromFileList", "ListBoxFromFileList\ListBoxFromFileList.csproj", "{8ACBC19D-CDF0-4779-A921-E8628B8F9539}"
EndProject
Project("{FAE04EC0-301F-11D3-BF4B-00C04F79EFBC}") = "SpreadsheetLightDataGridViewExport", "SpreadsheetLightDataGridViewExport\SpreadsheetLightDataGridViewExport.csproj", "{DEE7E207-F1EB-4691-83E3-7F9E272B2656}"
EndProject
Project("{FAE04EC0-301F-11D3-BF4B-00C04F79EFBC}") = "CheckListBoxProducts", "CheckListBoxProducts\CheckListBoxProducts.csproj", "{38558207-41A2-43D6-A508-939153D6C9F6}"
EndProject
Project("{2150E333-8FDC-42A3-9474-1A3956D46DE8}") = "Controls", "Controls", "{20A306CF-BC01-44E0-836A-1049B29A6890}"
EndProject
Project("{2150E333-8FDC-42A3-9474-1A3956D46DE8}") = "Excel", "Excel", "{D8C42D3D-B70F-46E0-B197-0C0C1FD84A07}"
EndProject
Project("{2150E333-8FDC-42A3-9474-1A3956D46DE8}") = "Forms", "Forms", "{2E5D5985-8504-422C-A302-6A46890F4ACB}"
EndProject
Project("{FAE04EC0-301F-11D3-BF4B-00C04F79EFBC}") = "DateTimePickerBlank", "DateTimePickerBlank\DateTimePickerBlank.csproj", "{D3AB5EEF-055D-4412-8105-667851081A7C}"
EndProject
Project("{9A19103F-16F7-4668-BE54-9A1E7A4F7556}") = "ExceptionsLibrary", "ExceptionsLibrary\ExceptionsLibrary.csproj", "{64835798-0F56-42FD-8D07-A7235C993606}"
EndProject
Project("{9A19103F-16F7-4668-BE54-9A1E7A4F7556}") = "ExceptionConsoleApp", "ExceptionConsoleApp\ExceptionConsoleApp.csproj", "{ADB06860-D7AF-46CE-9DE1-AF56BCBC1821}"
EndProject
Project("{FAE04EC0-301F-11D3-BF4B-00C04F79EFBC}") = "SelectRandomFile", "SelectRandomFile\SelectRandomFile.csproj", "{A7CF3565-DD78-4D1C-BE29-C8D2D22EC0E4}"
EndProject
Project("{FAE04EC0-301F-11D3-BF4B-00C04F79EFBC}") = "SqlServerUtilityLibrary", "SqlServerUtilityLibrary\SqlServerUtilityLibrary.csproj", "{DB0A2E8A-FA39-4DF8-8643-568A1CC8717B}"
EndProject
Project("{FAE04EC0-301F-11D3-BF4B-00C04F79EFBC}") = "SqlServerUtilityLibraryApp", "SqlServerUtilityLibraryApp\SqlServerUtilityLibraryApp.csproj", "{6F86E7C3-3F4C-4D86-901C-EB7DC95E3EF7}"
EndProject
Project("{FAE04EC0-301F-11D3-BF4B-00C04F79EFBC}") = "ExcelInteropApp", "ExcelInteropApp\ExcelInteropApp.csproj", "{B3CBD82F-2C0A-4345-889D-2BCBDF749DBA}"
EndProject
Project("{FAE04EC0-301F-11D3-BF4B-00C04F79EFBC}") = "SplitButtonDemo", "SplitButtonDemo\SplitButtonDemo.csproj", "{091A2033-82BE-450E-9C19-EEB611C222C2}"
EndProject
Project("{F184B08F-C81C-45F6-A57F-5ABD9991F28F}") = "ConfigurationLibraryVisualBasic", "ConfigurationLibraryVisualBasic\ConfigurationLibraryVisualBasic.vbproj", "{04F4E176-1D54-45F4-BC09-0617AE6465C6}"
EndProject
Project("{2150E333-8FDC-42A3-9474-1A3956D46DE8}") = "Entity Framework", "Entity Framework", "{BD65B6CC-7E56-4925-8812-7C28E0BD718C}"
EndProject
Project("{2150E333-8FDC-42A3-9474-1A3956D46DE8}") = "Oracle", "Oracle", "{02F86A27-3DB2-427A-910D-8397E7FD2E32}"
EndProject
Project("{FAE04EC0-301F-11D3-BF4B-00C04F79EFBC}") = "DataGridViewDataTableOracle", "DataGridViewDataTableOracle\DataGridViewDataTableOracle.csproj", "{969F9183-1BC3-43E0-929E-B54A502210D5}"
EndProject
Project("{F184B08F-C81C-45F6-A57F-5ABD9991F28F}") = "ConsoleAppSplitCamelCase", "ConsoleAppSplitCamelCase\ConsoleAppSplitCamelCase.vbproj", "{1FE78CA6-D8BF-4596-895A-EE891BD89F58}"
EndProject
Project("{9A19103F-16F7-4668-BE54-9A1E7A4F7556}") = "ConvertingUnitTest", "ConvertingUnitTest\ConvertingUnitTest.csproj", "{5094E30F-0896-45FD-A2EF-8E64447D3BAA}"
EndProject
Project("{FAE04EC0-301F-11D3-BF4B-00C04F79EFBC}") = "FileWatcherExample", "FileWatcherProject\FileWatcherExample.csproj", "{4A078719-88ED-4D54-8C5F-1E805BF242D6}"
EndProject
Project("{FAE04EC0-301F-11D3-BF4B-00C04F79EFBC}") = "SimpleSingleton", "SimpleSingleton\SimpleSingleton.csproj", "{6E9B9177-D399-40A1-A07B-43E79418CBB0}"
EndProject
Project("{F184B08F-C81C-45F6-A57F-5ABD9991F28F}") = "DataTableRowIndex", "DataTableRowIndex\DataTableRowIndex.vbproj", "{9FB083F5-81BD-4DED-894C-681EFB67C61A}"
EndProject
Project("{FAE04EC0-301F-11D3-BF4B-00C04F79EFBC}") = "SqlServerInsertRecord", "SqlServerInsertRecord\SqlServerInsertRecord.csproj", "{0B1FD499-FB1C-4107-B74A-C7EA9D4F9183}"
EndProject
Project("{2150E333-8FDC-42A3-9474-1A3956D46DE8}") = "Forms", "Forms", "{EB8074FC-097A-4DAD-B824-1C7AC3B3A52D}"
EndProject
Project("{F184B08F-C81C-45F6-A57F-5ABD9991F28F}") = "ExtensionsConsoleApp_vb", "ExtensionsConsoleApp_vb\ExtensionsConsoleApp_vb.vbproj", "{66770B58-28A4-49F4-8133-F317F1F90788}"
EndProject
Global
	GlobalSection(SolutionConfigurationPlatforms) = preSolution
		Debug|Any CPU = Debug|Any CPU
		Debug|x86 = Debug|x86
		Release|Any CPU = Release|Any CPU
		Release|x86 = Release|x86
	EndGlobalSection
	GlobalSection(ProjectConfigurationPlatforms) = postSolution
		{B09FA7C0-E3C2-4DDD-A7CC-8D7046A1041A}.Debug|Any CPU.ActiveCfg = Debug|Any CPU
		{B09FA7C0-E3C2-4DDD-A7CC-8D7046A1041A}.Debug|Any CPU.Build.0 = Debug|Any CPU
		{B09FA7C0-E3C2-4DDD-A7CC-8D7046A1041A}.Debug|x86.ActiveCfg = Debug|Any CPU
		{B09FA7C0-E3C2-4DDD-A7CC-8D7046A1041A}.Release|Any CPU.ActiveCfg = Release|Any CPU
		{B09FA7C0-E3C2-4DDD-A7CC-8D7046A1041A}.Release|Any CPU.Build.0 = Release|Any CPU
		{B09FA7C0-E3C2-4DDD-A7CC-8D7046A1041A}.Release|x86.ActiveCfg = Release|Any CPU
		{E3E62E1B-9238-4D5C-B6DB-F65A801F6634}.Debug|Any CPU.ActiveCfg = Debug|Any CPU
		{E3E62E1B-9238-4D5C-B6DB-F65A801F6634}.Debug|Any CPU.Build.0 = Debug|Any CPU
		{E3E62E1B-9238-4D5C-B6DB-F65A801F6634}.Debug|x86.ActiveCfg = Debug|Any CPU
		{E3E62E1B-9238-4D5C-B6DB-F65A801F6634}.Release|Any CPU.ActiveCfg = Release|Any CPU
		{E3E62E1B-9238-4D5C-B6DB-F65A801F6634}.Release|Any CPU.Build.0 = Release|Any CPU
		{E3E62E1B-9238-4D5C-B6DB-F65A801F6634}.Release|x86.ActiveCfg = Release|Any CPU
		{966FA546-F8FE-4954-B4DE-BABE5FEFF591}.Debug|Any CPU.ActiveCfg = Debug|Any CPU
		{966FA546-F8FE-4954-B4DE-BABE5FEFF591}.Debug|Any CPU.Build.0 = Debug|Any CPU
		{966FA546-F8FE-4954-B4DE-BABE5FEFF591}.Debug|x86.ActiveCfg = Debug|Any CPU
		{966FA546-F8FE-4954-B4DE-BABE5FEFF591}.Debug|x86.Build.0 = Debug|Any CPU
		{966FA546-F8FE-4954-B4DE-BABE5FEFF591}.Release|Any CPU.ActiveCfg = Release|Any CPU
		{966FA546-F8FE-4954-B4DE-BABE5FEFF591}.Release|Any CPU.Build.0 = Release|Any CPU
		{966FA546-F8FE-4954-B4DE-BABE5FEFF591}.Release|x86.ActiveCfg = Release|Any CPU
		{966FA546-F8FE-4954-B4DE-BABE5FEFF591}.Release|x86.Build.0 = Release|Any CPU
		{AE5F0C94-5D5F-4E96-B5B2-BA98D33BEFD7}.Debug|Any CPU.ActiveCfg = Debug|Any CPU
		{AE5F0C94-5D5F-4E96-B5B2-BA98D33BEFD7}.Debug|Any CPU.Build.0 = Debug|Any CPU
		{AE5F0C94-5D5F-4E96-B5B2-BA98D33BEFD7}.Debug|x86.ActiveCfg = Debug|Any CPU
		{AE5F0C94-5D5F-4E96-B5B2-BA98D33BEFD7}.Release|Any CPU.ActiveCfg = Release|Any CPU
		{AE5F0C94-5D5F-4E96-B5B2-BA98D33BEFD7}.Release|Any CPU.Build.0 = Release|Any CPU
		{AE5F0C94-5D5F-4E96-B5B2-BA98D33BEFD7}.Release|x86.ActiveCfg = Release|Any CPU
		{2437DDCE-75F0-410C-AD4F-A228CCD05B72}.Debug|Any CPU.ActiveCfg = Debug|Any CPU
		{2437DDCE-75F0-410C-AD4F-A228CCD05B72}.Debug|Any CPU.Build.0 = Debug|Any CPU
		{2437DDCE-75F0-410C-AD4F-A228CCD05B72}.Debug|x86.ActiveCfg = Debug|Any CPU
		{2437DDCE-75F0-410C-AD4F-A228CCD05B72}.Release|Any CPU.ActiveCfg = Release|Any CPU
		{2437DDCE-75F0-410C-AD4F-A228CCD05B72}.Release|Any CPU.Build.0 = Release|Any CPU
		{2437DDCE-75F0-410C-AD4F-A228CCD05B72}.Release|x86.ActiveCfg = Release|Any CPU
		{D9F08F9E-AA25-4937-8717-819CB98063E8}.Debug|Any CPU.ActiveCfg = Debug|Any CPU
		{D9F08F9E-AA25-4937-8717-819CB98063E8}.Debug|Any CPU.Build.0 = Debug|Any CPU
		{D9F08F9E-AA25-4937-8717-819CB98063E8}.Debug|x86.ActiveCfg = Debug|Any CPU
		{D9F08F9E-AA25-4937-8717-819CB98063E8}.Release|Any CPU.ActiveCfg = Release|Any CPU
		{D9F08F9E-AA25-4937-8717-819CB98063E8}.Release|Any CPU.Build.0 = Release|Any CPU
		{D9F08F9E-AA25-4937-8717-819CB98063E8}.Release|x86.ActiveCfg = Release|Any CPU
		{E1DDF130-640F-424E-AB13-010F255F8361}.Debug|Any CPU.ActiveCfg = Debug|Any CPU
		{E1DDF130-640F-424E-AB13-010F255F8361}.Debug|Any CPU.Build.0 = Debug|Any CPU
		{E1DDF130-640F-424E-AB13-010F255F8361}.Debug|x86.ActiveCfg = Debug|Any CPU
		{E1DDF130-640F-424E-AB13-010F255F8361}.Release|Any CPU.ActiveCfg = Release|Any CPU
		{E1DDF130-640F-424E-AB13-010F255F8361}.Release|Any CPU.Build.0 = Release|Any CPU
		{E1DDF130-640F-424E-AB13-010F255F8361}.Release|x86.ActiveCfg = Release|Any CPU
		{8ACBC19D-CDF0-4779-A921-E8628B8F9539}.Debug|Any CPU.ActiveCfg = Debug|Any CPU
		{8ACBC19D-CDF0-4779-A921-E8628B8F9539}.Debug|Any CPU.Build.0 = Debug|Any CPU
		{8ACBC19D-CDF0-4779-A921-E8628B8F9539}.Debug|x86.ActiveCfg = Debug|Any CPU
		{8ACBC19D-CDF0-4779-A921-E8628B8F9539}.Debug|x86.Build.0 = Debug|Any CPU
		{8ACBC19D-CDF0-4779-A921-E8628B8F9539}.Release|Any CPU.ActiveCfg = Release|Any CPU
		{8ACBC19D-CDF0-4779-A921-E8628B8F9539}.Release|Any CPU.Build.0 = Release|Any CPU
		{8ACBC19D-CDF0-4779-A921-E8628B8F9539}.Release|x86.ActiveCfg = Release|Any CPU
		{8ACBC19D-CDF0-4779-A921-E8628B8F9539}.Release|x86.Build.0 = Release|Any CPU
		{DEE7E207-F1EB-4691-83E3-7F9E272B2656}.Debug|Any CPU.ActiveCfg = Debug|Any CPU
		{DEE7E207-F1EB-4691-83E3-7F9E272B2656}.Debug|Any CPU.Build.0 = Debug|Any CPU
		{DEE7E207-F1EB-4691-83E3-7F9E272B2656}.Debug|x86.ActiveCfg = Debug|Any CPU
		{DEE7E207-F1EB-4691-83E3-7F9E272B2656}.Debug|x86.Build.0 = Debug|Any CPU
		{DEE7E207-F1EB-4691-83E3-7F9E272B2656}.Release|Any CPU.ActiveCfg = Release|Any CPU
		{DEE7E207-F1EB-4691-83E3-7F9E272B2656}.Release|Any CPU.Build.0 = Release|Any CPU
		{DEE7E207-F1EB-4691-83E3-7F9E272B2656}.Release|x86.ActiveCfg = Release|Any CPU
		{DEE7E207-F1EB-4691-83E3-7F9E272B2656}.Release|x86.Build.0 = Release|Any CPU
		{38558207-41A2-43D6-A508-939153D6C9F6}.Debug|Any CPU.ActiveCfg = Debug|Any CPU
		{38558207-41A2-43D6-A508-939153D6C9F6}.Debug|Any CPU.Build.0 = Debug|Any CPU
		{38558207-41A2-43D6-A508-939153D6C9F6}.Debug|x86.ActiveCfg = Debug|Any CPU
		{38558207-41A2-43D6-A508-939153D6C9F6}.Debug|x86.Build.0 = Debug|Any CPU
		{38558207-41A2-43D6-A508-939153D6C9F6}.Release|Any CPU.ActiveCfg = Release|Any CPU
		{38558207-41A2-43D6-A508-939153D6C9F6}.Release|Any CPU.Build.0 = Release|Any CPU
		{38558207-41A2-43D6-A508-939153D6C9F6}.Release|x86.ActiveCfg = Release|Any CPU
		{38558207-41A2-43D6-A508-939153D6C9F6}.Release|x86.Build.0 = Release|Any CPU
		{D3AB5EEF-055D-4412-8105-667851081A7C}.Debug|Any CPU.ActiveCfg = Debug|Any CPU
		{D3AB5EEF-055D-4412-8105-667851081A7C}.Debug|Any CPU.Build.0 = Debug|Any CPU
		{D3AB5EEF-055D-4412-8105-667851081A7C}.Debug|x86.ActiveCfg = Debug|Any CPU
		{D3AB5EEF-055D-4412-8105-667851081A7C}.Debug|x86.Build.0 = Debug|Any CPU
		{D3AB5EEF-055D-4412-8105-667851081A7C}.Release|Any CPU.ActiveCfg = Release|Any CPU
		{D3AB5EEF-055D-4412-8105-667851081A7C}.Release|Any CPU.Build.0 = Release|Any CPU
		{D3AB5EEF-055D-4412-8105-667851081A7C}.Release|x86.ActiveCfg = Release|Any CPU
		{D3AB5EEF-055D-4412-8105-667851081A7C}.Release|x86.Build.0 = Release|Any CPU
		{64835798-0F56-42FD-8D07-A7235C993606}.Debug|Any CPU.ActiveCfg = Debug|Any CPU
		{64835798-0F56-42FD-8D07-A7235C993606}.Debug|Any CPU.Build.0 = Debug|Any CPU
		{64835798-0F56-42FD-8D07-A7235C993606}.Debug|x86.ActiveCfg = Debug|Any CPU
		{64835798-0F56-42FD-8D07-A7235C993606}.Debug|x86.Build.0 = Debug|Any CPU
		{64835798-0F56-42FD-8D07-A7235C993606}.Release|Any CPU.ActiveCfg = Release|Any CPU
		{64835798-0F56-42FD-8D07-A7235C993606}.Release|Any CPU.Build.0 = Release|Any CPU
		{64835798-0F56-42FD-8D07-A7235C993606}.Release|x86.ActiveCfg = Release|Any CPU
		{64835798-0F56-42FD-8D07-A7235C993606}.Release|x86.Build.0 = Release|Any CPU
		{ADB06860-D7AF-46CE-9DE1-AF56BCBC1821}.Debug|Any CPU.ActiveCfg = Debug|Any CPU
		{ADB06860-D7AF-46CE-9DE1-AF56BCBC1821}.Debug|Any CPU.Build.0 = Debug|Any CPU
		{ADB06860-D7AF-46CE-9DE1-AF56BCBC1821}.Debug|x86.ActiveCfg = Debug|Any CPU
		{ADB06860-D7AF-46CE-9DE1-AF56BCBC1821}.Debug|x86.Build.0 = Debug|Any CPU
		{ADB06860-D7AF-46CE-9DE1-AF56BCBC1821}.Release|Any CPU.ActiveCfg = Release|Any CPU
		{ADB06860-D7AF-46CE-9DE1-AF56BCBC1821}.Release|Any CPU.Build.0 = Release|Any CPU
		{ADB06860-D7AF-46CE-9DE1-AF56BCBC1821}.Release|x86.ActiveCfg = Release|Any CPU
		{ADB06860-D7AF-46CE-9DE1-AF56BCBC1821}.Release|x86.Build.0 = Release|Any CPU
		{A7CF3565-DD78-4D1C-BE29-C8D2D22EC0E4}.Debug|Any CPU.ActiveCfg = Debug|Any CPU
		{A7CF3565-DD78-4D1C-BE29-C8D2D22EC0E4}.Debug|Any CPU.Build.0 = Debug|Any CPU
		{A7CF3565-DD78-4D1C-BE29-C8D2D22EC0E4}.Debug|x86.ActiveCfg = Debug|Any CPU
		{A7CF3565-DD78-4D1C-BE29-C8D2D22EC0E4}.Debug|x86.Build.0 = Debug|Any CPU
		{A7CF3565-DD78-4D1C-BE29-C8D2D22EC0E4}.Release|Any CPU.ActiveCfg = Release|Any CPU
		{A7CF3565-DD78-4D1C-BE29-C8D2D22EC0E4}.Release|Any CPU.Build.0 = Release|Any CPU
		{A7CF3565-DD78-4D1C-BE29-C8D2D22EC0E4}.Release|x86.ActiveCfg = Release|Any CPU
		{A7CF3565-DD78-4D1C-BE29-C8D2D22EC0E4}.Release|x86.Build.0 = Release|Any CPU
		{DB0A2E8A-FA39-4DF8-8643-568A1CC8717B}.Debug|Any CPU.ActiveCfg = Debug|Any CPU
		{DB0A2E8A-FA39-4DF8-8643-568A1CC8717B}.Debug|Any CPU.Build.0 = Debug|Any CPU
		{DB0A2E8A-FA39-4DF8-8643-568A1CC8717B}.Debug|x86.ActiveCfg = Debug|Any CPU
		{DB0A2E8A-FA39-4DF8-8643-568A1CC8717B}.Debug|x86.Build.0 = Debug|Any CPU
		{DB0A2E8A-FA39-4DF8-8643-568A1CC8717B}.Release|Any CPU.ActiveCfg = Release|Any CPU
		{DB0A2E8A-FA39-4DF8-8643-568A1CC8717B}.Release|Any CPU.Build.0 = Release|Any CPU
		{DB0A2E8A-FA39-4DF8-8643-568A1CC8717B}.Release|x86.ActiveCfg = Release|Any CPU
		{DB0A2E8A-FA39-4DF8-8643-568A1CC8717B}.Release|x86.Build.0 = Release|Any CPU
		{6F86E7C3-3F4C-4D86-901C-EB7DC95E3EF7}.Debug|Any CPU.ActiveCfg = Debug|Any CPU
		{6F86E7C3-3F4C-4D86-901C-EB7DC95E3EF7}.Debug|Any CPU.Build.0 = Debug|Any CPU
		{6F86E7C3-3F4C-4D86-901C-EB7DC95E3EF7}.Debug|x86.ActiveCfg = Debug|Any CPU
		{6F86E7C3-3F4C-4D86-901C-EB7DC95E3EF7}.Debug|x86.Build.0 = Debug|Any CPU
		{6F86E7C3-3F4C-4D86-901C-EB7DC95E3EF7}.Release|Any CPU.ActiveCfg = Release|Any CPU
		{6F86E7C3-3F4C-4D86-901C-EB7DC95E3EF7}.Release|Any CPU.Build.0 = Release|Any CPU
		{6F86E7C3-3F4C-4D86-901C-EB7DC95E3EF7}.Release|x86.ActiveCfg = Release|Any CPU
		{6F86E7C3-3F4C-4D86-901C-EB7DC95E3EF7}.Release|x86.Build.0 = Release|Any CPU
		{B3CBD82F-2C0A-4345-889D-2BCBDF749DBA}.Debug|Any CPU.ActiveCfg = Debug|Any CPU
		{B3CBD82F-2C0A-4345-889D-2BCBDF749DBA}.Debug|Any CPU.Build.0 = Debug|Any CPU
		{B3CBD82F-2C0A-4345-889D-2BCBDF749DBA}.Debug|x86.ActiveCfg = Debug|Any CPU
		{B3CBD82F-2C0A-4345-889D-2BCBDF749DBA}.Debug|x86.Build.0 = Debug|Any CPU
		{B3CBD82F-2C0A-4345-889D-2BCBDF749DBA}.Release|Any CPU.ActiveCfg = Release|Any CPU
		{B3CBD82F-2C0A-4345-889D-2BCBDF749DBA}.Release|Any CPU.Build.0 = Release|Any CPU
		{B3CBD82F-2C0A-4345-889D-2BCBDF749DBA}.Release|x86.ActiveCfg = Release|Any CPU
		{B3CBD82F-2C0A-4345-889D-2BCBDF749DBA}.Release|x86.Build.0 = Release|Any CPU
		{091A2033-82BE-450E-9C19-EEB611C222C2}.Debug|Any CPU.ActiveCfg = Debug|Any CPU
		{091A2033-82BE-450E-9C19-EEB611C222C2}.Debug|Any CPU.Build.0 = Debug|Any CPU
		{091A2033-82BE-450E-9C19-EEB611C222C2}.Debug|x86.ActiveCfg = Debug|Any CPU
		{091A2033-82BE-450E-9C19-EEB611C222C2}.Debug|x86.Build.0 = Debug|Any CPU
		{091A2033-82BE-450E-9C19-EEB611C222C2}.Release|Any CPU.ActiveCfg = Release|Any CPU
		{091A2033-82BE-450E-9C19-EEB611C222C2}.Release|Any CPU.Build.0 = Release|Any CPU
		{091A2033-82BE-450E-9C19-EEB611C222C2}.Release|x86.ActiveCfg = Release|Any CPU
		{091A2033-82BE-450E-9C19-EEB611C222C2}.Release|x86.Build.0 = Release|Any CPU
		{04F4E176-1D54-45F4-BC09-0617AE6465C6}.Debug|Any CPU.ActiveCfg = Debug|Any CPU
		{04F4E176-1D54-45F4-BC09-0617AE6465C6}.Debug|Any CPU.Build.0 = Debug|Any CPU
		{04F4E176-1D54-45F4-BC09-0617AE6465C6}.Debug|x86.ActiveCfg = Debug|Any CPU
		{04F4E176-1D54-45F4-BC09-0617AE6465C6}.Debug|x86.Build.0 = Debug|Any CPU
		{04F4E176-1D54-45F4-BC09-0617AE6465C6}.Release|Any CPU.ActiveCfg = Release|Any CPU
		{04F4E176-1D54-45F4-BC09-0617AE6465C6}.Release|Any CPU.Build.0 = Release|Any CPU
		{04F4E176-1D54-45F4-BC09-0617AE6465C6}.Release|x86.ActiveCfg = Release|Any CPU
		{04F4E176-1D54-45F4-BC09-0617AE6465C6}.Release|x86.Build.0 = Release|Any CPU
		{969F9183-1BC3-43E0-929E-B54A502210D5}.Debug|Any CPU.ActiveCfg = Debug|Any CPU
		{969F9183-1BC3-43E0-929E-B54A502210D5}.Debug|Any CPU.Build.0 = Debug|Any CPU
		{969F9183-1BC3-43E0-929E-B54A502210D5}.Debug|x86.ActiveCfg = Debug|Any CPU
		{969F9183-1BC3-43E0-929E-B54A502210D5}.Debug|x86.Build.0 = Debug|Any CPU
		{969F9183-1BC3-43E0-929E-B54A502210D5}.Release|Any CPU.ActiveCfg = Release|Any CPU
		{969F9183-1BC3-43E0-929E-B54A502210D5}.Release|Any CPU.Build.0 = Release|Any CPU
		{969F9183-1BC3-43E0-929E-B54A502210D5}.Release|x86.ActiveCfg = Release|Any CPU
		{969F9183-1BC3-43E0-929E-B54A502210D5}.Release|x86.Build.0 = Release|Any CPU
		{1FE78CA6-D8BF-4596-895A-EE891BD89F58}.Debug|Any CPU.ActiveCfg = Debug|Any CPU
		{1FE78CA6-D8BF-4596-895A-EE891BD89F58}.Debug|Any CPU.Build.0 = Debug|Any CPU
		{1FE78CA6-D8BF-4596-895A-EE891BD89F58}.Debug|x86.ActiveCfg = Debug|Any CPU
		{1FE78CA6-D8BF-4596-895A-EE891BD89F58}.Debug|x86.Build.0 = Debug|Any CPU
		{1FE78CA6-D8BF-4596-895A-EE891BD89F58}.Release|Any CPU.ActiveCfg = Release|Any CPU
		{1FE78CA6-D8BF-4596-895A-EE891BD89F58}.Release|Any CPU.Build.0 = Release|Any CPU
		{1FE78CA6-D8BF-4596-895A-EE891BD89F58}.Release|x86.ActiveCfg = Release|Any CPU
		{1FE78CA6-D8BF-4596-895A-EE891BD89F58}.Release|x86.Build.0 = Release|Any CPU
		{5094E30F-0896-45FD-A2EF-8E64447D3BAA}.Debug|Any CPU.ActiveCfg = Debug|Any CPU
		{5094E30F-0896-45FD-A2EF-8E64447D3BAA}.Debug|Any CPU.Build.0 = Debug|Any CPU
		{5094E30F-0896-45FD-A2EF-8E64447D3BAA}.Debug|x86.ActiveCfg = Debug|Any CPU
		{5094E30F-0896-45FD-A2EF-8E64447D3BAA}.Debug|x86.Build.0 = Debug|Any CPU
		{5094E30F-0896-45FD-A2EF-8E64447D3BAA}.Release|Any CPU.ActiveCfg = Release|Any CPU
		{5094E30F-0896-45FD-A2EF-8E64447D3BAA}.Release|Any CPU.Build.0 = Release|Any CPU
		{5094E30F-0896-45FD-A2EF-8E64447D3BAA}.Release|x86.ActiveCfg = Release|Any CPU
		{5094E30F-0896-45FD-A2EF-8E64447D3BAA}.Release|x86.Build.0 = Release|Any CPU
		{4A078719-88ED-4D54-8C5F-1E805BF242D6}.Debug|Any CPU.ActiveCfg = Debug|Any CPU
		{4A078719-88ED-4D54-8C5F-1E805BF242D6}.Debug|Any CPU.Build.0 = Debug|Any CPU
		{4A078719-88ED-4D54-8C5F-1E805BF242D6}.Debug|x86.ActiveCfg = Debug|Any CPU
		{4A078719-88ED-4D54-8C5F-1E805BF242D6}.Debug|x86.Build.0 = Debug|Any CPU
		{4A078719-88ED-4D54-8C5F-1E805BF242D6}.Release|Any CPU.ActiveCfg = Release|Any CPU
		{4A078719-88ED-4D54-8C5F-1E805BF242D6}.Release|Any CPU.Build.0 = Release|Any CPU
		{4A078719-88ED-4D54-8C5F-1E805BF242D6}.Release|x86.ActiveCfg = Release|Any CPU
		{4A078719-88ED-4D54-8C5F-1E805BF242D6}.Release|x86.Build.0 = Release|Any CPU
		{6E9B9177-D399-40A1-A07B-43E79418CBB0}.Debug|Any CPU.ActiveCfg = Debug|Any CPU
		{6E9B9177-D399-40A1-A07B-43E79418CBB0}.Debug|Any CPU.Build.0 = Debug|Any CPU
		{6E9B9177-D399-40A1-A07B-43E79418CBB0}.Debug|x86.ActiveCfg = Debug|Any CPU
		{6E9B9177-D399-40A1-A07B-43E79418CBB0}.Debug|x86.Build.0 = Debug|Any CPU
		{6E9B9177-D399-40A1-A07B-43E79418CBB0}.Release|Any CPU.ActiveCfg = Release|Any CPU
		{6E9B9177-D399-40A1-A07B-43E79418CBB0}.Release|Any CPU.Build.0 = Release|Any CPU
		{6E9B9177-D399-40A1-A07B-43E79418CBB0}.Release|x86.ActiveCfg = Release|Any CPU
		{6E9B9177-D399-40A1-A07B-43E79418CBB0}.Release|x86.Build.0 = Release|Any CPU
		{9FB083F5-81BD-4DED-894C-681EFB67C61A}.Debug|Any CPU.ActiveCfg = Debug|Any CPU
		{9FB083F5-81BD-4DED-894C-681EFB67C61A}.Debug|Any CPU.Build.0 = Debug|Any CPU
		{9FB083F5-81BD-4DED-894C-681EFB67C61A}.Debug|x86.ActiveCfg = Debug|Any CPU
		{9FB083F5-81BD-4DED-894C-681EFB67C61A}.Debug|x86.Build.0 = Debug|Any CPU
		{9FB083F5-81BD-4DED-894C-681EFB67C61A}.Release|Any CPU.ActiveCfg = Release|Any CPU
		{9FB083F5-81BD-4DED-894C-681EFB67C61A}.Release|Any CPU.Build.0 = Release|Any CPU
		{9FB083F5-81BD-4DED-894C-681EFB67C61A}.Release|x86.ActiveCfg = Release|Any CPU
		{9FB083F5-81BD-4DED-894C-681EFB67C61A}.Release|x86.Build.0 = Release|Any CPU
		{0B1FD499-FB1C-4107-B74A-C7EA9D4F9183}.Debug|Any CPU.ActiveCfg = Debug|Any CPU
		{0B1FD499-FB1C-4107-B74A-C7EA9D4F9183}.Debug|Any CPU.Build.0 = Debug|Any CPU
		{0B1FD499-FB1C-4107-B74A-C7EA9D4F9183}.Debug|x86.ActiveCfg = Debug|Any CPU
		{0B1FD499-FB1C-4107-B74A-C7EA9D4F9183}.Debug|x86.Build.0 = Debug|Any CPU
		{0B1FD499-FB1C-4107-B74A-C7EA9D4F9183}.Release|Any CPU.ActiveCfg = Release|Any CPU
		{0B1FD499-FB1C-4107-B74A-C7EA9D4F9183}.Release|Any CPU.Build.0 = Release|Any CPU
		{0B1FD499-FB1C-4107-B74A-C7EA9D4F9183}.Release|x86.ActiveCfg = Release|Any CPU
		{0B1FD499-FB1C-4107-B74A-C7EA9D4F9183}.Release|x86.Build.0 = Release|Any CPU
		{66770B58-28A4-49F4-8133-F317F1F90788}.Debug|Any CPU.ActiveCfg = Debug|Any CPU
		{66770B58-28A4-49F4-8133-F317F1F90788}.Debug|Any CPU.Build.0 = Debug|Any CPU
		{66770B58-28A4-49F4-8133-F317F1F90788}.Debug|x86.ActiveCfg = Debug|Any CPU
		{66770B58-28A4-49F4-8133-F317F1F90788}.Debug|x86.Build.0 = Debug|Any CPU
		{66770B58-28A4-49F4-8133-F317F1F90788}.Release|Any CPU.ActiveCfg = Release|Any CPU
		{66770B58-28A4-49F4-8133-F317F1F90788}.Release|Any CPU.Build.0 = Release|Any CPU
		{66770B58-28A4-49F4-8133-F317F1F90788}.Release|x86.ActiveCfg = Release|Any CPU
		{66770B58-28A4-49F4-8133-F317F1F90788}.Release|x86.Build.0 = Release|Any CPU
	EndGlobalSection
	GlobalSection(SolutionProperties) = preSolution
		HideSolutionNode = FALSE
	EndGlobalSection
	GlobalSection(NestedProjects) = preSolution
		{B09FA7C0-E3C2-4DDD-A7CC-8D7046A1041A} = {20A306CF-BC01-44E0-836A-1049B29A6890}
		{E3E62E1B-9238-4D5C-B6DB-F65A801F6634} = {07EEA43B-E7E7-45AC-B312-B41BB1F8922A}
		{966FA546-F8FE-4954-B4DE-BABE5FEFF591} = {2E5D5985-8504-422C-A302-6A46890F4ACB}
		{5D21CFBF-44AA-4562-B731-2D1369E8F39B} = {07EEA43B-E7E7-45AC-B312-B41BB1F8922A}
		{AE5F0C94-5D5F-4E96-B5B2-BA98D33BEFD7} = {5D21CFBF-44AA-4562-B731-2D1369E8F39B}
		{2437DDCE-75F0-410C-AD4F-A228CCD05B72} = {9761F0CA-5FE0-490A-825A-E5B148555DE4}
		{9761F0CA-5FE0-490A-825A-E5B148555DE4} = {A033CF08-D34E-4F7D-8523-4E31BDEB614E}
		{DE16B1C7-FA6D-417E-B3A3-C9B8AC284A41} = {A033CF08-D34E-4F7D-8523-4E31BDEB614E}
		{D9F08F9E-AA25-4937-8717-819CB98063E8} = {DE16B1C7-FA6D-417E-B3A3-C9B8AC284A41}
		{E1DDF130-640F-424E-AB13-010F255F8361} = {20A306CF-BC01-44E0-836A-1049B29A6890}
		{8ACBC19D-CDF0-4779-A921-E8628B8F9539} = {20A306CF-BC01-44E0-836A-1049B29A6890}
		{DEE7E207-F1EB-4691-83E3-7F9E272B2656} = {D8C42D3D-B70F-46E0-B197-0C0C1FD84A07}
		{38558207-41A2-43D6-A508-939153D6C9F6} = {20A306CF-BC01-44E0-836A-1049B29A6890}
		{20A306CF-BC01-44E0-836A-1049B29A6890} = {07EEA43B-E7E7-45AC-B312-B41BB1F8922A}
		{D8C42D3D-B70F-46E0-B197-0C0C1FD84A07} = {07EEA43B-E7E7-45AC-B312-B41BB1F8922A}
		{2E5D5985-8504-422C-A302-6A46890F4ACB} = {07EEA43B-E7E7-45AC-B312-B41BB1F8922A}
		{D3AB5EEF-055D-4412-8105-667851081A7C} = {20A306CF-BC01-44E0-836A-1049B29A6890}
		{64835798-0F56-42FD-8D07-A7235C993606} = {9761F0CA-5FE0-490A-825A-E5B148555DE4}
		{ADB06860-D7AF-46CE-9DE1-AF56BCBC1821} = {DE16B1C7-FA6D-417E-B3A3-C9B8AC284A41}
		{A7CF3565-DD78-4D1C-BE29-C8D2D22EC0E4} = {07EEA43B-E7E7-45AC-B312-B41BB1F8922A}
		{DB0A2E8A-FA39-4DF8-8643-568A1CC8717B} = {9761F0CA-5FE0-490A-825A-E5B148555DE4}
		{6F86E7C3-3F4C-4D86-901C-EB7DC95E3EF7} = {DE16B1C7-FA6D-417E-B3A3-C9B8AC284A41}
		{B3CBD82F-2C0A-4345-889D-2BCBDF749DBA} = {D8C42D3D-B70F-46E0-B197-0C0C1FD84A07}
		{091A2033-82BE-450E-9C19-EEB611C222C2} = {07EEA43B-E7E7-45AC-B312-B41BB1F8922A}
		{04F4E176-1D54-45F4-BC09-0617AE6465C6} = {5D21CFBF-44AA-4562-B731-2D1369E8F39B}
		{BD65B6CC-7E56-4925-8812-7C28E0BD718C} = {07EEA43B-E7E7-45AC-B312-B41BB1F8922A}
		{02F86A27-3DB2-427A-910D-8397E7FD2E32} = {07EEA43B-E7E7-45AC-B312-B41BB1F8922A}
		{969F9183-1BC3-43E0-929E-B54A502210D5} = {02F86A27-3DB2-427A-910D-8397E7FD2E32}
		{1FE78CA6-D8BF-4596-895A-EE891BD89F58} = {5D21CFBF-44AA-4562-B731-2D1369E8F39B}
		{5094E30F-0896-45FD-A2EF-8E64447D3BAA} = {A033CF08-D34E-4F7D-8523-4E31BDEB614E}
		{4A078719-88ED-4D54-8C5F-1E805BF242D6} = {2E5D5985-8504-422C-A302-6A46890F4ACB}
		{6E9B9177-D399-40A1-A07B-43E79418CBB0} = {2E5D5985-8504-422C-A302-6A46890F4ACB}
		{9FB083F5-81BD-4DED-894C-681EFB67C61A} = {5D21CFBF-44AA-4562-B731-2D1369E8F39B}
		{0B1FD499-FB1C-4107-B74A-C7EA9D4F9183} = {EB8074FC-097A-4DAD-B824-1C7AC3B3A52D}
		{EB8074FC-097A-4DAD-B824-1C7AC3B3A52D} = {A033CF08-D34E-4F7D-8523-4E31BDEB614E}
		{66770B58-28A4-49F4-8133-F317F1F90788} = {5D21CFBF-44AA-4562-B731-2D1369E8F39B}
	EndGlobalSection
	GlobalSection(ExtensibilityGlobals) = postSolution
		SolutionGuid = {58AC3B13-B420-4F3C-8723-CE1E6C224D46}
	EndGlobalSection
EndGlobal
